# This file is automatically @generated by Cargo.
# It is not intended for manual editing.
version = 3

[[package]]
name = "bdds"
version = "0.1.0"
dependencies = [
 "hash_cons",
]

[[package]]
name = "hash_cons"
version = "0.1.3"
source = "registry+https://github.com/rust-lang/crates.io-index"
checksum = "12019f50b52d5cbb06863aad69e10c191d32607bb07aeceb525df17238ada9d2"
